// !$*UTF8*$!
{
	archiveVersion = 1;
	classes = {
	};
	objectVersion = 46;
	objects = {

/* Begin PBXBuildFile section */
		3F4F5130195790C2007EB2BD /* Foundation.framework in Frameworks */ = {isa = PBXBuildFile; fileRef = 3F4F512F195790C2007EB2BD /* Foundation.framework */; };
		3F4F5132195790C2007EB2BD /* CoreGraphics.framework in Frameworks */ = {isa = PBXBuildFile; fileRef = 3F4F5131195790C2007EB2BD /* CoreGraphics.framework */; };
		3F4F5134195790C2007EB2BD /* UIKit.framework in Frameworks */ = {isa = PBXBuildFile; fileRef = 3F4F5133195790C2007EB2BD /* UIKit.framework */; };
		3F4F513A195790C2007EB2BD /* InfoPlist.strings in Resources */ = {isa = PBXBuildFile; fileRef = 3F4F5138195790C2007EB2BD /* InfoPlist.strings */; };
		3F4F513C195790C2007EB2BD /* main.m in Sources */ = {isa = PBXBuildFile; fileRef = 3F4F513B195790C2007EB2BD /* main.m */; };
		3F4F5140195790C2007EB2BD /* AppDelegate.m in Sources */ = {isa = PBXBuildFile; fileRef = 3F4F513F195790C2007EB2BD /* AppDelegate.m */; };
		3F4F514B195790C2007EB2BD /* Images.xcassets in Resources */ = {isa = PBXBuildFile; fileRef = 3F4F514A195790C2007EB2BD /* Images.xcassets */; };
		3F4F5152195790C2007EB2BD /* XCTest.framework in Frameworks */ = {isa = PBXBuildFile; fileRef = 3F4F5151195790C2007EB2BD /* XCTest.framework */; };
		3F4F5153195790C2007EB2BD /* Foundation.framework in Frameworks */ = {isa = PBXBuildFile; fileRef = 3F4F512F195790C2007EB2BD /* Foundation.framework */; };
		3F4F5154195790C2007EB2BD /* UIKit.framework in Frameworks */ = {isa = PBXBuildFile; fileRef = 3F4F5133195790C2007EB2BD /* UIKit.framework */; };
		3F4F515C195790C2007EB2BD /* InfoPlist.strings in Resources */ = {isa = PBXBuildFile; fileRef = 3F4F515A195790C2007EB2BD /* InfoPlist.strings */; };
		3F4F515E195790C2007EB2BD /* AppsGoCryptoTests.m in Sources */ = {isa = PBXBuildFile; fileRef = 3F4F515D195790C2007EB2BD /* AppsGoCryptoTests.m */; };
		3F4F517D195791B1007EB2BD /* QuartzCore.framework in Frameworks */ = {isa = PBXBuildFile; fileRef = 3F4F517C195791B1007EB2BD /* QuartzCore.framework */; };
		3F4F51901957A8AD007EB2BD /* PSStackedViewController.m in Sources */ = {isa = PBXBuildFile; fileRef = 3F4F51841957A8AD007EB2BD /* PSStackedViewController.m */; };
		3F4F51911957A8AD007EB2BD /* PSStackedViewGlobal.m in Sources */ = {isa = PBXBuildFile; fileRef = 3F4F51871957A8AD007EB2BD /* PSStackedViewGlobal.m */; };
		3F4F51921957A8AD007EB2BD /* PSStackedViewSegue.m in Sources */ = {isa = PBXBuildFile; fileRef = 3F4F51891957A8AD007EB2BD /* PSStackedViewSegue.m */; };
		3F4F51931957A8AD007EB2BD /* PSSVContainerView.m in Sources */ = {isa = PBXBuildFile; fileRef = 3F4F518B1957A8AD007EB2BD /* PSSVContainerView.m */; };
		3F4F51941957A8AD007EB2BD /* UIView+PSSizes.m in Sources */ = {isa = PBXBuildFile; fileRef = 3F4F518D1957A8AD007EB2BD /* UIView+PSSizes.m */; };
		3F4F51951957A8AD007EB2BD /* UIViewController+PSStackedView.m in Sources */ = {isa = PBXBuildFile; fileRef = 3F4F518F1957A8AD007EB2BD /* UIViewController+PSStackedView.m */; };
		3F4F51991957A90A007EB2BD /* StackedContainer.m in Sources */ = {isa = PBXBuildFile; fileRef = 3F4F51981957A90A007EB2BD /* StackedContainer.m */; };
		3F4F519C1957A936007EB2BD /* RootVC.m in Sources */ = {isa = PBXBuildFile; fileRef = 3F4F519B1957A936007EB2BD /* RootVC.m */; };
		3F4F51A01957AB17007EB2BD /* Main_iPad.storyboard in Resources */ = {isa = PBXBuildFile; fileRef = 3F4F519E1957AB17007EB2BD /* Main_iPad.storyboard */; };
		3F4F51A11957AB17007EB2BD /* Main_iPhone.storyboard in Resources */ = {isa = PBXBuildFile; fileRef = 3F4F519F1957AB17007EB2BD /* Main_iPhone.storyboard */; };
		3FBD26A51957B9E7006BD8BE /* DataSource.plist in Resources */ = {isa = PBXBuildFile; fileRef = 3FBD26A41957B9E7006BD8BE /* DataSource.plist */; };
		3FBD26A91957BC0E006BD8BE /* Root.m in Sources */ = {isa = PBXBuildFile; fileRef = 3FBD26A81957BC0E006BD8BE /* Root.m */; };
		3FBD26AD1957D432006BD8BE /* NSArray+RootModel.m in Sources */ = {isa = PBXBuildFile; fileRef = 3FBD26AC1957D432006BD8BE /* NSArray+RootModel.m */; };
		3FD3051A195A7784005366CF /* coins.json in Resources */ = {isa = PBXBuildFile; fileRef = 3FD30519195A7784005366CF /* coins.json */; };
		3FD3051C195A77BB005366CF /* AppsGoCrypto.plist in Resources */ = {isa = PBXBuildFile; fileRef = 3FD3051B195A77BB005366CF /* AppsGoCrypto.plist */; };
		3FD30524195A7C4D005366CF /* STCategory.m in Sources */ = {isa = PBXBuildFile; fileRef = 3FD3051F195A7C4D005366CF /* STCategory.m */; };
		3FD30525195A7C4D005366CF /* STTableViewCell.m in Sources */ = {isa = PBXBuildFile; fileRef = 3FD30521195A7C4D005366CF /* STTableViewCell.m */; };
		3FD30526195A7C4D005366CF /* UIColor+HexString.m in Sources */ = {isa = PBXBuildFile; fileRef = 3FD30523195A7C4D005366CF /* UIColor+HexString.m */; };
/* End PBXBuildFile section */

/* Begin PBXContainerItemProxy section */
		3F4F5155195790C2007EB2BD /* PBXContainerItemProxy */ = {
			isa = PBXContainerItemProxy;
			containerPortal = 3F4F5124195790C2007EB2BD /* Project object */;
			proxyType = 1;
			remoteGlobalIDString = 3F4F512B195790C2007EB2BD;
			remoteInfo = AppsGoCrypto;
		};
/* End PBXContainerItemProxy section */

/* Begin PBXFileReference section */
		3F4F512C195790C2007EB2BD /* AppsGoCrypto.app */ = {isa = PBXFileReference; explicitFileType = wrapper.application; includeInIndex = 0; path = AppsGoCrypto.app; sourceTree = BUILT_PRODUCTS_DIR; };
		3F4F512F195790C2007EB2BD /* Foundation.framework */ = {isa = PBXFileReference; lastKnownFileType = wrapper.framework; name = Foundation.framework; path = System/Library/Frameworks/Foundation.framework; sourceTree = SDKROOT; };
		3F4F5131195790C2007EB2BD /* CoreGraphics.framework */ = {isa = PBXFileReference; lastKnownFileType = wrapper.framework; name = CoreGraphics.framework; path = System/Library/Frameworks/CoreGraphics.framework; sourceTree = SDKROOT; };
		3F4F5133195790C2007EB2BD /* UIKit.framework */ = {isa = PBXFileReference; lastKnownFileType = wrapper.framework; name = UIKit.framework; path = System/Library/Frameworks/UIKit.framework; sourceTree = SDKROOT; };
		3F4F5137195790C2007EB2BD /* AppsGoCrypto-Info.plist */ = {isa = PBXFileReference; lastKnownFileType = text.plist.xml; path = "AppsGoCrypto-Info.plist"; sourceTree = "<group>"; };
		3F4F5139195790C2007EB2BD /* en */ = {isa = PBXFileReference; lastKnownFileType = text.plist.strings; name = en; path = en.lproj/InfoPlist.strings; sourceTree = "<group>"; };
		3F4F513B195790C2007EB2BD /* main.m */ = {isa = PBXFileReference; lastKnownFileType = sourcecode.c.objc; path = main.m; sourceTree = "<group>"; };
		3F4F513D195790C2007EB2BD /* AppsGoCrypto-Prefix.pch */ = {isa = PBXFileReference; lastKnownFileType = sourcecode.c.h; path = "AppsGoCrypto-Prefix.pch"; sourceTree = "<group>"; };
		3F4F513E195790C2007EB2BD /* AppDelegate.h */ = {isa = PBXFileReference; lastKnownFileType = sourcecode.c.h; path = AppDelegate.h; sourceTree = "<group>"; };
		3F4F513F195790C2007EB2BD /* AppDelegate.m */ = {isa = PBXFileReference; lastKnownFileType = sourcecode.c.objc; path = AppDelegate.m; sourceTree = "<group>"; };
		3F4F514A195790C2007EB2BD /* Images.xcassets */ = {isa = PBXFileReference; lastKnownFileType = folder.assetcatalog; path = Images.xcassets; sourceTree = "<group>"; };
		3F4F5150195790C2007EB2BD /* AppsGoCryptoTests.xctest */ = {isa = PBXFileReference; explicitFileType = wrapper.cfbundle; includeInIndex = 0; path = AppsGoCryptoTests.xctest; sourceTree = BUILT_PRODUCTS_DIR; };
		3F4F5151195790C2007EB2BD /* XCTest.framework */ = {isa = PBXFileReference; lastKnownFileType = wrapper.framework; name = XCTest.framework; path = Library/Frameworks/XCTest.framework; sourceTree = DEVELOPER_DIR; };
		3F4F5159195790C2007EB2BD /* AppsGoCryptoTests-Info.plist */ = {isa = PBXFileReference; lastKnownFileType = text.plist.xml; path = "AppsGoCryptoTests-Info.plist"; sourceTree = "<group>"; };
		3F4F515B195790C2007EB2BD /* en */ = {isa = PBXFileReference; lastKnownFileType = text.plist.strings; name = en; path = en.lproj/InfoPlist.strings; sourceTree = "<group>"; };
		3F4F515D195790C2007EB2BD /* AppsGoCryptoTests.m */ = {isa = PBXFileReference; lastKnownFileType = sourcecode.c.objc; path = AppsGoCryptoTests.m; sourceTree = "<group>"; };
		3F4F517C195791B1007EB2BD /* QuartzCore.framework */ = {isa = PBXFileReference; lastKnownFileType = wrapper.framework; name = QuartzCore.framework; path = System/Library/Frameworks/QuartzCore.framework; sourceTree = SDKROOT; };
		3F4F51821957A8AD007EB2BD /* PSStackedView.h */ = {isa = PBXFileReference; fileEncoding = 4; lastKnownFileType = sourcecode.c.h; path = PSStackedView.h; sourceTree = "<group>"; };
		3F4F51831957A8AD007EB2BD /* PSStackedViewController.h */ = {isa = PBXFileReference; fileEncoding = 4; lastKnownFileType = sourcecode.c.h; path = PSStackedViewController.h; sourceTree = "<group>"; };
		3F4F51841957A8AD007EB2BD /* PSStackedViewController.m */ = {isa = PBXFileReference; fileEncoding = 4; lastKnownFileType = sourcecode.c.objc; path = PSStackedViewController.m; sourceTree = "<group>"; };
		3F4F51851957A8AD007EB2BD /* PSStackedViewDelegate.h */ = {isa = PBXFileReference; fileEncoding = 4; lastKnownFileType = sourcecode.c.h; path = PSStackedViewDelegate.h; sourceTree = "<group>"; };
		3F4F51861957A8AD007EB2BD /* PSStackedViewGlobal.h */ = {isa = PBXFileReference; fileEncoding = 4; lastKnownFileType = sourcecode.c.h; path = PSStackedViewGlobal.h; sourceTree = "<group>"; };
		3F4F51871957A8AD007EB2BD /* PSStackedViewGlobal.m */ = {isa = PBXFileReference; fileEncoding = 4; lastKnownFileType = sourcecode.c.objc; path = PSStackedViewGlobal.m; sourceTree = "<group>"; };
		3F4F51881957A8AD007EB2BD /* PSStackedViewSegue.h */ = {isa = PBXFileReference; fileEncoding = 4; lastKnownFileType = sourcecode.c.h; path = PSStackedViewSegue.h; sourceTree = "<group>"; };
		3F4F51891957A8AD007EB2BD /* PSStackedViewSegue.m */ = {isa = PBXFileReference; fileEncoding = 4; lastKnownFileType = sourcecode.c.objc; path = PSStackedViewSegue.m; sourceTree = "<group>"; };
		3F4F518A1957A8AD007EB2BD /* PSSVContainerView.h */ = {isa = PBXFileReference; fileEncoding = 4; lastKnownFileType = sourcecode.c.h; path = PSSVContainerView.h; sourceTree = "<group>"; };
		3F4F518B1957A8AD007EB2BD /* PSSVContainerView.m */ = {isa = PBXFileReference; fileEncoding = 4; lastKnownFileType = sourcecode.c.objc; path = PSSVContainerView.m; sourceTree = "<group>"; };
		3F4F518C1957A8AD007EB2BD /* UIView+PSSizes.h */ = {isa = PBXFileReference; fileEncoding = 4; lastKnownFileType = sourcecode.c.h; path = "UIView+PSSizes.h"; sourceTree = "<group>"; };
		3F4F518D1957A8AD007EB2BD /* UIView+PSSizes.m */ = {isa = PBXFileReference; fileEncoding = 4; lastKnownFileType = sourcecode.c.objc; path = "UIView+PSSizes.m"; sourceTree = "<group>"; };
		3F4F518E1957A8AD007EB2BD /* UIViewController+PSStackedView.h */ = {isa = PBXFileReference; fileEncoding = 4; lastKnownFileType = sourcecode.c.h; path = "UIViewController+PSStackedView.h"; sourceTree = "<group>"; };
		3F4F518F1957A8AD007EB2BD /* UIViewController+PSStackedView.m */ = {isa = PBXFileReference; fileEncoding = 4; lastKnownFileType = sourcecode.c.objc; path = "UIViewController+PSStackedView.m"; sourceTree = "<group>"; };
		3F4F51971957A90A007EB2BD /* StackedContainer.h */ = {isa = PBXFileReference; fileEncoding = 4; lastKnownFileType = sourcecode.c.h; name = StackedContainer.h; path = Controllers/StackedContainer.h; sourceTree = "<group>"; };
		3F4F51981957A90A007EB2BD /* StackedContainer.m */ = {isa = PBXFileReference; fileEncoding = 4; lastKnownFileType = sourcecode.c.objc; name = StackedContainer.m; path = Controllers/StackedContainer.m; sourceTree = "<group>"; };
		3F4F519A1957A936007EB2BD /* RootVC.h */ = {isa = PBXFileReference; fileEncoding = 4; lastKnownFileType = sourcecode.c.h; name = RootVC.h; path = Controllers/RootVC.h; sourceTree = "<group>"; };
		3F4F519B1957A936007EB2BD /* RootVC.m */ = {isa = PBXFileReference; fileEncoding = 4; lastKnownFileType = sourcecode.c.objc; name = RootVC.m; path = Controllers/RootVC.m; sourceTree = "<group>"; };
		3F4F519E1957AB17007EB2BD /* Main_iPad.storyboard */ = {isa = PBXFileReference; fileEncoding = 4; lastKnownFileType = file.storyboard; name = Main_iPad.storyboard; path = Storyboards/Main_iPad.storyboard; sourceTree = "<group>"; };
		3F4F519F1957AB17007EB2BD /* Main_iPhone.storyboard */ = {isa = PBXFileReference; fileEncoding = 4; lastKnownFileType = file.storyboard; name = Main_iPhone.storyboard; path = Storyboards/Main_iPhone.storyboard; sourceTree = "<group>"; };
		3FBD26A41957B9E7006BD8BE /* DataSource.plist */ = {isa = PBXFileReference; fileEncoding = 4; lastKnownFileType = text.plist.xml; name = DataSource.plist; path = Plists/DataSource.plist; sourceTree = "<group>"; };
		3FBD26A71957BC0E006BD8BE /* Root.h */ = {isa = PBXFileReference; fileEncoding = 4; lastKnownFileType = sourcecode.c.h; name = Root.h; path = Models/Root.h; sourceTree = "<group>"; };
		3FBD26A81957BC0E006BD8BE /* Root.m */ = {isa = PBXFileReference; fileEncoding = 4; lastKnownFileType = sourcecode.c.objc; name = Root.m; path = Models/Root.m; sourceTree = "<group>"; };
		3FBD26AB1957D432006BD8BE /* NSArray+RootModel.h */ = {isa = PBXFileReference; fileEncoding = 4; lastKnownFileType = sourcecode.c.h; name = "NSArray+RootModel.h"; path = "Categories/NSArray+RootModel.h"; sourceTree = "<group>"; };
		3FBD26AC1957D432006BD8BE /* NSArray+RootModel.m */ = {isa = PBXFileReference; fileEncoding = 4; lastKnownFileType = sourcecode.c.objc; name = "NSArray+RootModel.m"; path = "Categories/NSArray+RootModel.m"; sourceTree = "<group>"; };
		3FD30519195A7784005366CF /* coins.json */ = {isa = PBXFileReference; fileEncoding = 4; lastKnownFileType = text.json; path = coins.json; sourceTree = "<group>"; };
		3FD3051B195A77BB005366CF /* AppsGoCrypto.plist */ = {isa = PBXFileReference; fileEncoding = 4; lastKnownFileType = text.plist.xml; name = AppsGoCrypto.plist; path = Plists/AppsGoCrypto.plist; sourceTree = "<group>"; };
		3FD3051E195A7C4D005366CF /* STCategory.h */ = {isa = PBXFileReference; fileEncoding = 4; lastKnownFileType = sourcecode.c.h; path = STCategory.h; sourceTree = "<group>"; };
		3FD3051F195A7C4D005366CF /* STCategory.m */ = {isa = PBXFileReference; fileEncoding = 4; lastKnownFileType = sourcecode.c.objc; path = STCategory.m; sourceTree = "<group>"; };
		3FD30520195A7C4D005366CF /* STTableViewCell.h */ = {isa = PBXFileReference; fileEncoding = 4; lastKnownFileType = sourcecode.c.h; path = STTableViewCell.h; sourceTree = "<group>"; };
		3FD30521195A7C4D005366CF /* STTableViewCell.m */ = {isa = PBXFileReference; fileEncoding = 4; lastKnownFileType = sourcecode.c.objc; path = STTableViewCell.m; sourceTree = "<group>"; };
		3FD30522195A7C4D005366CF /* UIColor+HexString.h */ = {isa = PBXFileReference; fileEncoding = 4; lastKnownFileType = sourcecode.c.h; path = "UIColor+HexString.h"; sourceTree = "<group>"; };
		3FD30523195A7C4D005366CF /* UIColor+HexString.m */ = {isa = PBXFileReference; fileEncoding = 4; lastKnownFileType = sourcecode.c.objc; path = "UIColor+HexString.m"; sourceTree = "<group>"; };
/* End PBXFileReference section */

/* Begin PBXFrameworksBuildPhase section */
		3F4F5129195790C2007EB2BD /* Frameworks */ = {
			isa = PBXFrameworksBuildPhase;
			buildActionMask = 2147483647;
			files = (
				3F4F517D195791B1007EB2BD /* QuartzCore.framework in Frameworks */,
				3F4F5132195790C2007EB2BD /* CoreGraphics.framework in Frameworks */,
				3F4F5134195790C2007EB2BD /* UIKit.framework in Frameworks */,
				3F4F5130195790C2007EB2BD /* Foundation.framework in Frameworks */,
			);
			runOnlyForDeploymentPostprocessing = 0;
		};
		3F4F514D195790C2007EB2BD /* Frameworks */ = {
			isa = PBXFrameworksBuildPhase;
			buildActionMask = 2147483647;
			files = (
				3F4F5152195790C2007EB2BD /* XCTest.framework in Frameworks */,
				3F4F5154195790C2007EB2BD /* UIKit.framework in Frameworks */,
				3F4F5153195790C2007EB2BD /* Foundation.framework in Frameworks */,
			);
			runOnlyForDeploymentPostprocessing = 0;
		};
/* End PBXFrameworksBuildPhase section */

/* Begin PBXGroup section */
		3F4F5123195790C2007EB2BD = {
			isa = PBXGroup;
			children = (
				3FD3051D195A7C4D005366CF /* SvppyTable */,
				3F4F51811957A8AD007EB2BD /* PSStackedView */,
				3F4F5135195790C2007EB2BD /* AppsGoCrypto */,
				3F4F5157195790C2007EB2BD /* AppsGoCryptoTests */,
				3F4F512E195790C2007EB2BD /* Frameworks */,
				3F4F512D195790C2007EB2BD /* Products */,
			);
			sourceTree = "<group>";
		};
		3F4F512D195790C2007EB2BD /* Products */ = {
			isa = PBXGroup;
			children = (
				3F4F512C195790C2007EB2BD /* AppsGoCrypto.app */,
				3F4F5150195790C2007EB2BD /* AppsGoCryptoTests.xctest */,
			);
			name = Products;
			sourceTree = "<group>";
		};
		3F4F512E195790C2007EB2BD /* Frameworks */ = {
			isa = PBXGroup;
			children = (
				3F4F517C195791B1007EB2BD /* QuartzCore.framework */,
				3F4F512F195790C2007EB2BD /* Foundation.framework */,
				3F4F5131195790C2007EB2BD /* CoreGraphics.framework */,
				3F4F5133195790C2007EB2BD /* UIKit.framework */,
				3F4F5151195790C2007EB2BD /* XCTest.framework */,
			);
			name = Frameworks;
			sourceTree = "<group>";
		};
		3F4F5135195790C2007EB2BD /* AppsGoCrypto */ = {
			isa = PBXGroup;
			children = (
				3F4F513E195790C2007EB2BD /* AppDelegate.h */,
				3F4F513F195790C2007EB2BD /* AppDelegate.m */,
				3FBD26AA1957D3DB006BD8BE /* Categories */,
				3F4F51961957A8C5007EB2BD /* Controllers */,
				3F4F514A195790C2007EB2BD /* Images.xcassets */,
				3FD30518195A7784005366CF /* JSON */,
				3FBD26A61957BBD5006BD8BE /* Models */,
				3FBD26A31957B995006BD8BE /* Plists */,
				3F4F519D1957AABB007EB2BD /* Storyboards */,
				3F4F5136195790C2007EB2BD /* Supporting Files */,
			);
			path = AppsGoCrypto;
			sourceTree = "<group>";
		};
		3F4F5136195790C2007EB2BD /* Supporting Files */ = {
			isa = PBXGroup;
			children = (
				3F4F5137195790C2007EB2BD /* AppsGoCrypto-Info.plist */,
				3F4F5138195790C2007EB2BD /* InfoPlist.strings */,
				3F4F513B195790C2007EB2BD /* main.m */,
				3F4F513D195790C2007EB2BD /* AppsGoCrypto-Prefix.pch */,
			);
			name = "Supporting Files";
			sourceTree = "<group>";
		};
		3F4F5157195790C2007EB2BD /* AppsGoCryptoTests */ = {
			isa = PBXGroup;
			children = (
				3F4F515D195790C2007EB2BD /* AppsGoCryptoTests.m */,
				3F4F5158195790C2007EB2BD /* Supporting Files */,
			);
			path = AppsGoCryptoTests;
			sourceTree = "<group>";
		};
		3F4F5158195790C2007EB2BD /* Supporting Files */ = {
			isa = PBXGroup;
			children = (
				3F4F5159195790C2007EB2BD /* AppsGoCryptoTests-Info.plist */,
				3F4F515A195790C2007EB2BD /* InfoPlist.strings */,
			);
			name = "Supporting Files";
			sourceTree = "<group>";
		};
		3F4F51811957A8AD007EB2BD /* PSStackedView */ = {
			isa = PBXGroup;
			children = (
				3F4F51821957A8AD007EB2BD /* PSStackedView.h */,
				3F4F51831957A8AD007EB2BD /* PSStackedViewController.h */,
				3F4F51841957A8AD007EB2BD /* PSStackedViewController.m */,
				3F4F51851957A8AD007EB2BD /* PSStackedViewDelegate.h */,
				3F4F51861957A8AD007EB2BD /* PSStackedViewGlobal.h */,
				3F4F51871957A8AD007EB2BD /* PSStackedViewGlobal.m */,
				3F4F51881957A8AD007EB2BD /* PSStackedViewSegue.h */,
				3F4F51891957A8AD007EB2BD /* PSStackedViewSegue.m */,
				3F4F518A1957A8AD007EB2BD /* PSSVContainerView.h */,
				3F4F518B1957A8AD007EB2BD /* PSSVContainerView.m */,
				3F4F518C1957A8AD007EB2BD /* UIView+PSSizes.h */,
				3F4F518D1957A8AD007EB2BD /* UIView+PSSizes.m */,
				3F4F518E1957A8AD007EB2BD /* UIViewController+PSStackedView.h */,
				3F4F518F1957A8AD007EB2BD /* UIViewController+PSStackedView.m */,
			);
			name = PSStackedView;
			path = ../_vendors/PSStackedView/PSStackedView;
			sourceTree = "<group>";
		};
		3F4F51961957A8C5007EB2BD /* Controllers */ = {
			isa = PBXGroup;
			children = (
				3F4F519A1957A936007EB2BD /* RootVC.h */,
				3F4F519B1957A936007EB2BD /* RootVC.m */,
				3F4F51971957A90A007EB2BD /* StackedContainer.h */,
				3F4F51981957A90A007EB2BD /* StackedContainer.m */,
			);
			name = Controllers;
			sourceTree = "<group>";
		};
		3F4F519D1957AABB007EB2BD /* Storyboards */ = {
			isa = PBXGroup;
			children = (
				3F4F519E1957AB17007EB2BD /* Main_iPad.storyboard */,
				3F4F519F1957AB17007EB2BD /* Main_iPhone.storyboard */,
			);
			name = Storyboards;
			sourceTree = "<group>";
		};
		3FBD26A31957B995006BD8BE /* Plists */ = {
			isa = PBXGroup;
			children = (
				3FBD26A41957B9E7006BD8BE /* DataSource.plist */,
				3FD3051B195A77BB005366CF /* AppsGoCrypto.plist */,
			);
			name = Plists;
			sourceTree = "<group>";
		};
		3FBD26A61957BBD5006BD8BE /* Models */ = {
			isa = PBXGroup;
			children = (
				3FBD26A71957BC0E006BD8BE /* Root.h */,
				3FBD26A81957BC0E006BD8BE /* Root.m */,
			);
			name = Models;
			sourceTree = "<group>";
		};
		3FBD26AA1957D3DB006BD8BE /* Categories */ = {
			isa = PBXGroup;
			children = (
				3FBD26AB1957D432006BD8BE /* NSArray+RootModel.h */,
				3FBD26AC1957D432006BD8BE /* NSArray+RootModel.m */,
			);
			name = Categories;
			sourceTree = "<group>";
		};
		3FD30518195A7784005366CF /* JSON */ = {
			isa = PBXGroup;
			children = (
				3FD30519195A7784005366CF /* coins.json */,
			);
			path = JSON;
			sourceTree = "<group>";
		};
		3FD3051D195A7C4D005366CF /* SvppyTable */ = {
			isa = PBXGroup;
			children = (
				3FD3051E195A7C4D005366CF /* STCategory.h */,
				3FD3051F195A7C4D005366CF /* STCategory.m */,
				3FD30520195A7C4D005366CF /* STTableViewCell.h */,
				3FD30521195A7C4D005366CF /* STTableViewCell.m */,
				3FD30522195A7C4D005366CF /* UIColor+HexString.h */,
				3FD30523195A7C4D005366CF /* UIColor+HexString.m */,
			);
			name = SvppyTable;
			path = ../_vendors/SvppyTable;
			sourceTree = "<group>";
		};
/* End PBXGroup section */

/* Begin PBXNativeTarget section */
		3F4F512B195790C2007EB2BD /* AppsGoCrypto */ = {
			isa = PBXNativeTarget;
			buildConfigurationList = 3F4F5161195790C2007EB2BD /* Build configuration list for PBXNativeTarget "AppsGoCrypto" */;
			buildPhases = (
				3F4F5128195790C2007EB2BD /* Sources */,
				3F4F5129195790C2007EB2BD /* Frameworks */,
				3F4F512A195790C2007EB2BD /* Resources */,
			);
			buildRules = (
			);
			dependencies = (
			);
			name = AppsGoCrypto;
			productName = AppsGoCrypto;
			productReference = 3F4F512C195790C2007EB2BD /* AppsGoCrypto.app */;
			productType = "com.apple.product-type.application";
		};
		3F4F514F195790C2007EB2BD /* AppsGoCryptoTests */ = {
			isa = PBXNativeTarget;
			buildConfigurationList = 3F4F5164195790C2007EB2BD /* Build configuration list for PBXNativeTarget "AppsGoCryptoTests" */;
			buildPhases = (
				3F4F514C195790C2007EB2BD /* Sources */,
				3F4F514D195790C2007EB2BD /* Frameworks */,
				3F4F514E195790C2007EB2BD /* Resources */,
			);
			buildRules = (
			);
			dependencies = (
				3F4F5156195790C2007EB2BD /* PBXTargetDependency */,
			);
			name = AppsGoCryptoTests;
			productName = AppsGoCryptoTests;
			productReference = 3F4F5150195790C2007EB2BD /* AppsGoCryptoTests.xctest */;
			productType = "com.apple.product-type.bundle.unit-test";
		};
/* End PBXNativeTarget section */

/* Begin PBXProject section */
		3F4F5124195790C2007EB2BD /* Project object */ = {
			isa = PBXProject;
			attributes = {
				LastUpgradeCheck = 0510;
				ORGANIZATIONNAME = "GigaBitcoin, LLC";
				TargetAttributes = {
					3F4F514F195790C2007EB2BD = {
						TestTargetID = 3F4F512B195790C2007EB2BD;
					};
				};
			};
			buildConfigurationList = 3F4F5127195790C2007EB2BD /* Build configuration list for PBXProject "AppsGoCrypto" */;
			compatibilityVersion = "Xcode 3.2";
			developmentRegion = English;
			hasScannedForEncodings = 0;
			knownRegions = (
				en,
				Base,
			);
			mainGroup = 3F4F5123195790C2007EB2BD;
			productRefGroup = 3F4F512D195790C2007EB2BD /* Products */;
			projectDirPath = "";
			projectRoot = "";
			targets = (
				3F4F512B195790C2007EB2BD /* AppsGoCrypto */,
				3F4F514F195790C2007EB2BD /* AppsGoCryptoTests */,
			);
		};
/* End PBXProject section */

/* Begin PBXResourcesBuildPhase section */
		3F4F512A195790C2007EB2BD /* Resources */ = {
			isa = PBXResourcesBuildPhase;
			buildActionMask = 2147483647;
			files = (
				3F4F51A11957AB17007EB2BD /* Main_iPhone.storyboard in Resources */,
				3F4F51A01957AB17007EB2BD /* Main_iPad.storyboard in Resources */,
				3F4F514B195790C2007EB2BD /* Images.xcassets in Resources */,
				3FD3051C195A77BB005366CF /* AppsGoCrypto.plist in Resources */,
				3F4F513A195790C2007EB2BD /* InfoPlist.strings in Resources */,
				3FD3051A195A7784005366CF /* coins.json in Resources */,
				3FBD26A51957B9E7006BD8BE /* DataSource.plist in Resources */,
			);
			runOnlyForDeploymentPostprocessing = 0;
		};
		3F4F514E195790C2007EB2BD /* Resources */ = {
			isa = PBXResourcesBuildPhase;
			buildActionMask = 2147483647;
			files = (
				3F4F515C195790C2007EB2BD /* InfoPlist.strings in Resources */,
			);
			runOnlyForDeploymentPostprocessing = 0;
		};
/* End PBXResourcesBuildPhase section */

/* Begin PBXSourcesBuildPhase section */
		3F4F5128195790C2007EB2BD /* Sources */ = {
			isa = PBXSourcesBuildPhase;
			buildActionMask = 2147483647;
			files = (
				3FD30526195A7C4D005366CF /* UIColor+HexString.m in Sources */,
				3FD30524195A7C4D005366CF /* STCategory.m in Sources */,
				3F4F51951957A8AD007EB2BD /* UIViewController+PSStackedView.m in Sources */,
				3F4F51941957A8AD007EB2BD /* UIView+PSSizes.m in Sources */,
				3F4F51921957A8AD007EB2BD /* PSStackedViewSegue.m in Sources */,
				3F4F51901957A8AD007EB2BD /* PSStackedViewController.m in Sources */,
				3F4F519C1957A936007EB2BD /* RootVC.m in Sources */,
				3FD30525195A7C4D005366CF /* STTableViewCell.m in Sources */,
				3F4F51991957A90A007EB2BD /* StackedContainer.m in Sources */,
				3F4F5140195790C2007EB2BD /* AppDelegate.m in Sources */,
				3F4F51911957A8AD007EB2BD /* PSStackedViewGlobal.m in Sources */,
				3FBD26AD1957D432006BD8BE /* NSArray+RootModel.m in Sources */,
				3F4F51931957A8AD007EB2BD /* PSSVContainerView.m in Sources */,
				3FBD26A91957BC0E006BD8BE /* Root.m in Sources */,
				3F4F513C195790C2007EB2BD /* main.m in Sources */,
			);
			runOnlyForDeploymentPostprocessing = 0;
		};
		3F4F514C195790C2007EB2BD /* Sources */ = {
			isa = PBXSourcesBuildPhase;
			buildActionMask = 2147483647;
			files = (
				3F4F515E195790C2007EB2BD /* AppsGoCryptoTests.m in Sources */,
			);
			runOnlyForDeploymentPostprocessing = 0;
		};
/* End PBXSourcesBuildPhase section */

/* Begin PBXTargetDependency section */
		3F4F5156195790C2007EB2BD /* PBXTargetDependency */ = {
			isa = PBXTargetDependency;
			target = 3F4F512B195790C2007EB2BD /* AppsGoCrypto */;
			targetProxy = 3F4F5155195790C2007EB2BD /* PBXContainerItemProxy */;
		};
/* End PBXTargetDependency section */

/* Begin PBXVariantGroup section */
		3F4F5138195790C2007EB2BD /* InfoPlist.strings */ = {
			isa = PBXVariantGroup;
			children = (
				3F4F5139195790C2007EB2BD /* en */,
			);
			name = InfoPlist.strings;
			sourceTree = "<group>";
		};
		3F4F515A195790C2007EB2BD /* InfoPlist.strings */ = {
			isa = PBXVariantGroup;
			children = (
				3F4F515B195790C2007EB2BD /* en */,
			);
			name = InfoPlist.strings;
			sourceTree = "<group>";
		};
/* End PBXVariantGroup section */

/* Begin XCBuildConfiguration section */
		3F4F515F195790C2007EB2BD /* Debug */ = {
			isa = XCBuildConfiguration;
			buildSettings = {
				ALWAYS_SEARCH_USER_PATHS = NO;
				CLANG_CXX_LANGUAGE_STANDARD = "gnu++0x";
				CLANG_CXX_LIBRARY = "libc++";
				CLANG_ENABLE_MODULES = YES;
				CLANG_ENABLE_OBJC_ARC = YES;
				CLANG_WARN_BOOL_CONVERSION = YES;
				CLANG_WARN_CONSTANT_CONVERSION = YES;
				CLANG_WARN_DIRECT_OBJC_ISA_USAGE = YES_ERROR;
				CLANG_WARN_EMPTY_BODY = YES;
				CLANG_WARN_ENUM_CONVERSION = YES;
				CLANG_WARN_INT_CONVERSION = YES;
				CLANG_WARN_OBJC_ROOT_CLASS = YES_ERROR;
				CLANG_WARN__DUPLICATE_METHOD_MATCH = YES;
				"CODE_SIGN_IDENTITY[sdk=iphoneos*]" = "iPhone Developer";
				COPY_PHASE_STRIP = NO;
				GCC_C_LANGUAGE_STANDARD = gnu99;
				GCC_DYNAMIC_NO_PIC = NO;
				GCC_OPTIMIZATION_LEVEL = 0;
				GCC_PREPROCESSOR_DEFINITIONS = (
					"DEBUG=1",
					"$(inherited)",
				);
				GCC_SYMBOLS_PRIVATE_EXTERN = NO;
				GCC_WARN_64_TO_32_BIT_CONVERSION = YES;
				GCC_WARN_ABOUT_RETURN_TYPE = YES_ERROR;
				GCC_WARN_UNDECLARED_SELECTOR = YES;
				GCC_WARN_UNINITIALIZED_AUTOS = YES_AGGRESSIVE;
				GCC_WARN_UNUSED_FUNCTION = YES;
				GCC_WARN_UNUSED_VARIABLE = YES;
				IPHONEOS_DEPLOYMENT_TARGET = 7.1;
				ONLY_ACTIVE_ARCH = YES;
				SDKROOT = iphoneos;
				TARGETED_DEVICE_FAMILY = "1,2";
			};
			name = Debug;
		};
		3F4F5160195790C2007EB2BD /* Release */ = {
			isa = XCBuildConfiguration;
			buildSettings = {
				ALWAYS_SEARCH_USER_PATHS = NO;
				CLANG_CXX_LANGUAGE_STANDARD = "gnu++0x";
				CLANG_CXX_LIBRARY = "libc++";
				CLANG_ENABLE_MODULES = YES;
				CLANG_ENABLE_OBJC_ARC = YES;
				CLANG_WARN_BOOL_CONVERSION = YES;
				CLANG_WARN_CONSTANT_CONVERSION = YES;
				CLANG_WARN_DIRECT_OBJC_ISA_USAGE = YES_ERROR;
				CLANG_WARN_EMPTY_BODY = YES;
				CLANG_WARN_ENUM_CONVERSION = YES;
				CLANG_WARN_INT_CONVERSION = YES;
				CLANG_WARN_OBJC_ROOT_CLASS = YES_ERROR;
				CLANG_WARN__DUPLICATE_METHOD_MATCH = YES;
				"CODE_SIGN_IDENTITY[sdk=iphoneos*]" = "iPhone Developer";
				COPY_PHASE_STRIP = YES;
				ENABLE_NS_ASSERTIONS = NO;
				GCC_C_LANGUAGE_STANDARD = gnu99;
				GCC_WARN_64_TO_32_BIT_CONVERSION = YES;
				GCC_WARN_ABOUT_RETURN_TYPE = YES_ERROR;
				GCC_WARN_UNDECLARED_SELECTOR = YES;
				GCC_WARN_UNINITIALIZED_AUTOS = YES_AGGRESSIVE;
				GCC_WARN_UNUSED_FUNCTION = YES;
				GCC_WARN_UNUSED_VARIABLE = YES;
				IPHONEOS_DEPLOYMENT_TARGET = 7.1;
				SDKROOT = iphoneos;
				TARGETED_DEVICE_FAMILY = "1,2";
				VALIDATE_PRODUCT = YES;
			};
			name = Release;
		};
		3F4F5162195790C2007EB2BD /* Debug */ = {
			isa = XCBuildConfiguration;
			buildSettings = {
				ASSETCATALOG_COMPILER_APPICON_NAME = AppIcon;
				ASSETCATALOG_COMPILER_LAUNCHIMAGE_NAME = LaunchImage;
				GCC_PRECOMPILE_PREFIX_HEADER = YES;
				GCC_PREFIX_HEADER = "AppsGoCrypto/AppsGoCrypto-Prefix.pch";
				INFOPLIST_FILE = "AppsGoCrypto/AppsGoCrypto-Info.plist";
				PRODUCT_NAME = "$(TARGET_NAME)";
				WRAPPER_EXTENSION = app;
			};
			name = Debug;
		};
		3F4F5163195790C2007EB2BD /* Release */ = {
			isa = XCBuildConfiguration;
			buildSettings = {
				ASSETCATALOG_COMPILER_APPICON_NAME = AppIcon;
				ASSETCATALOG_COMPILER_LAUNCHIMAGE_NAME = LaunchImage;
				GCC_PRECOMPILE_PREFIX_HEADER = YES;
				GCC_PREFIX_HEADER = "AppsGoCrypto/AppsGoCrypto-Prefix.pch";
				INFOPLIST_FILE = "AppsGoCrypto/AppsGoCrypto-Info.plist";
				PRODUCT_NAME = "$(TARGET_NAME)";
				WRAPPER_EXTENSION = app;
			};
			name = Release;
		};
		3F4F5165195790C2007EB2BD /* Debug */ = {
			isa = XCBuildConfiguration;
			buildSettings = {
				BUNDLE_LOADER = "$(BUILT_PRODUCTS_DIR)/AppsGoCrypto.app/AppsGoCrypto";
				FRAMEWORK_SEARCH_PATHS = (
					"$(SDKROOT)/Developer/Library/Frameworks",
					"$(inherited)",
					"$(DEVELOPER_FRAMEWORKS_DIR)",
				);
				GCC_PRECOMPILE_PREFIX_HEADER = YES;
				GCC_PREFIX_HEADER = "AppsGoCrypto/AppsGoCrypto-Prefix.pch";
				GCC_PREPROCESSOR_DEFINITIONS = (
					"DEBUG=1",
					"$(inherited)",
				);
				INFOPLIST_FILE = "AppsGoCryptoTests/AppsGoCryptoTests-Info.plist";
				PRODUCT_NAME = "$(TARGET_NAME)";
				TEST_HOST = "$(BUNDLE_LOADER)";
				WRAPPER_EXTENSION = xctest;
			};
			name = Debug;
		};
		3F4F5166195790C2007EB2BD /* Release */ = {
			isa = XCBuildConfiguration;
			buildSettings = {
				BUNDLE_LOADER = "$(BUILT_PRODUCTS_DIR)/AppsGoCrypto.app/AppsGoCrypto";
				FRAMEWORK_SEARCH_PATHS = (
					"$(SDKROOT)/Developer/Library/Frameworks",
					"$(inherited)",
					"$(DEVELOPER_FRAMEWORKS_DIR)",
				);
				GCC_PRECOMPILE_PREFIX_HEADER = YES;
				GCC_PREFIX_HEADER = "AppsGoCrypto/AppsGoCrypto-Prefix.pch";
				INFOPLIST_FILE = "AppsGoCryptoTests/AppsGoCryptoTests-Info.plist";
				PRODUCT_NAME = "$(TARGET_NAME)";
				TEST_HOST = "$(BUNDLE_LOADER)";
				WRAPPER_EXTENSION = xctest;
			};
			name = Release;
		};
/* End XCBuildConfiguration section */

/* Begin XCConfigurationList section */
		3F4F5127195790C2007EB2BD /* Build configuration list for PBXProject "AppsGoCrypto" */ = {
			isa = XCConfigurationList;
			buildConfigurations = (
				3F4F515F195790C2007EB2BD /* Debug */,
				3F4F5160195790C2007EB2BD /* Release */,
			);
			defaultConfigurationIsVisible = 0;
			defaultConfigurationName = Release;
		};
		3F4F5161195790C2007EB2BD /* Build configuration list for PBXNativeTarget "AppsGoCrypto" */ = {
			isa = XCConfigurationList;
			buildConfigurations = (
				3F4F5162195790C2007EB2BD /* Debug */,
				3F4F5163195790C2007EB2BD /* Release */,
			);
			defaultConfigurationIsVisible = 0;
			defaultConfigurationName = Release;
		};
		3F4F5164195790C2007EB2BD /* Build configuration list for PBXNativeTarget "AppsGoCryptoTests" */ = {
			isa = XCConfigurationList;
			buildConfigurations = (
				3F4F5165195790C2007EB2BD /* Debug */,
				3F4F5166195790C2007EB2BD /* Release */,
			);
			defaultConfigurationIsVisible = 0;
			defaultConfigurationName = Release;
		};
/* End XCConfigurationList section */
	};
	rootObject = 3F4F5124195790C2007EB2BD /* Project object */;
}
